// !$*UTF8*$!
{
	archiveVersion = 1;
	classes = {
	};
	objectVersion = 46;
	objects = {

/* Begin PBXBuildFile section */
		CE7CCE4D1CF5F63100875BE0 /* Character.swift in Sources */ = {isa = PBXBuildFile; fileRef = CE7CCE4C1CF5F63100875BE0 /* Character.swift */; };
		CE7CCE4F1CF5F9B900875BE0 /* Player.swift in Sources */ = {isa = PBXBuildFile; fileRef = CE7CCE4E1CF5F9B900875BE0 /* Player.swift */; };
		CE7CCE511CF5FC2A00875BE0 /* Enemy.swift in Sources */ = {isa = PBXBuildFile; fileRef = CE7CCE501CF5FC2A00875BE0 /* Enemy.swift */; };
		CE7CCE531CF5FDCA00875BE0 /* Kimara.swift in Sources */ = {isa = PBXBuildFile; fileRef = CE7CCE521CF5FDCA00875BE0 /* Kimara.swift */; };
		CE7CCE551CF5FF4500875BE0 /* DevilWizard.swift in Sources */ = {isa = PBXBuildFile; fileRef = CE7CCE541CF5FF4500875BE0 /* DevilWizard.swift */; };
		CEC83DDA1CF4C18500503838 /* AppDelegate.swift in Sources */ = {isa = PBXBuildFile; fileRef = CEC83DD91CF4C18500503838 /* AppDelegate.swift */; };
		CEC83DDC1CF4C18500503838 /* ViewController.swift in Sources */ = {isa = PBXBuildFile; fileRef = CEC83DDB1CF4C18500503838 /* ViewController.swift */; };
		CEC83DDF1CF4C18500503838 /* Main.storyboard in Resources */ = {isa = PBXBuildFile; fileRef = CEC83DDD1CF4C18500503838 /* Main.storyboard */; };
		CEC83DE21CF4C18500503838 /* rpgObject.xcdatamodeld in Sources */ = {isa = PBXBuildFile; fileRef = CEC83DE01CF4C18500503838 /* rpgObject.xcdatamodeld */; };
		CEC83DE41CF4C18500503838 /* Assets.xcassets in Resources */ = {isa = PBXBuildFile; fileRef = CEC83DE31CF4C18500503838 /* Assets.xcassets */; };
		CEC83DE71CF4C18600503838 /* LaunchScreen.storyboard in Resources */ = {isa = PBXBuildFile; fileRef = CEC83DE51CF4C18600503838 /* LaunchScreen.storyboard */; };
		CEC83DF21CF4C18600503838 /* rpgObjectTests.swift in Sources */ = {isa = PBXBuildFile; fileRef = CEC83DF11CF4C18600503838 /* rpgObjectTests.swift */; };
		CEC83DFD1CF4C18600503838 /* rpgObjectUITests.swift in Sources */ = {isa = PBXBuildFile; fileRef = CEC83DFC1CF4C18600503838 /* rpgObjectUITests.swift */; };
/* End PBXBuildFile section */

/* Begin PBXContainerItemProxy section */
		CEC83DEE1CF4C18600503838 /* PBXContainerItemProxy */ = {
			isa = PBXContainerItemProxy;
			containerPortal = CEC83DCE1CF4C18500503838 /* Project object */;
			proxyType = 1;
			remoteGlobalIDString = CEC83DD51CF4C18500503838;
			remoteInfo = rpgObject;
		};
		CEC83DF91CF4C18600503838 /* PBXContainerItemProxy */ = {
			isa = PBXContainerItemProxy;
			containerPortal = CEC83DCE1CF4C18500503838 /* Project object */;
			proxyType = 1;
			remoteGlobalIDString = CEC83DD51CF4C18500503838;
			remoteInfo = rpgObject;
		};
/* End PBXContainerItemProxy section */

/* Begin PBXFileReference section */
		CE7CCE4C1CF5F63100875BE0 /* Character.swift */ = {isa = PBXFileReference; fileEncoding = 4; lastKnownFileType = sourcecode.swift; path = Character.swift; sourceTree = "<group>"; };
		CE7CCE4E1CF5F9B900875BE0 /* Player.swift */ = {isa = PBXFileReference; fileEncoding = 4; lastKnownFileType = sourcecode.swift; path = Player.swift; sourceTree = "<group>"; };
		CE7CCE501CF5FC2A00875BE0 /* Enemy.swift */ = {isa = PBXFileReference; fileEncoding = 4; lastKnownFileType = sourcecode.swift; path = Enemy.swift; sourceTree = "<group>"; };
		CE7CCE521CF5FDCA00875BE0 /* Kimara.swift */ = {isa = PBXFileReference; fileEncoding = 4; lastKnownFileType = sourcecode.swift; path = Kimara.swift; sourceTree = "<group>"; };
		CE7CCE541CF5FF4500875BE0 /* DevilWizard.swift */ = {isa = PBXFileReference; fileEncoding = 4; lastKnownFileType = sourcecode.swift; path = DevilWizard.swift; sourceTree = "<group>"; };
		CEC83DD61CF4C18500503838 /* rpgObject.app */ = {isa = PBXFileReference; explicitFileType = wrapper.application; includeInIndex = 0; path = rpgObject.app; sourceTree = BUILT_PRODUCTS_DIR; };
		CEC83DD91CF4C18500503838 /* AppDelegate.swift */ = {isa = PBXFileReference; lastKnownFileType = sourcecode.swift; path = AppDelegate.swift; sourceTree = "<group>"; };
		CEC83DDB1CF4C18500503838 /* ViewController.swift */ = {isa = PBXFileReference; lastKnownFileType = sourcecode.swift; path = ViewController.swift; sourceTree = "<group>"; };
		CEC83DDE1CF4C18500503838 /* Base */ = {isa = PBXFileReference; lastKnownFileType = file.storyboard; name = Base; path = Base.lproj/Main.storyboard; sourceTree = "<group>"; };
		CEC83DE11CF4C18500503838 /* rpgObject.xcdatamodel */ = {isa = PBXFileReference; lastKnownFileType = wrapper.xcdatamodel; path = rpgObject.xcdatamodel; sourceTree = "<group>"; };
		CEC83DE31CF4C18500503838 /* Assets.xcassets */ = {isa = PBXFileReference; lastKnownFileType = folder.assetcatalog; path = Assets.xcassets; sourceTree = "<group>"; };
		CEC83DE61CF4C18600503838 /* Base */ = {isa = PBXFileReference; lastKnownFileType = file.storyboard; name = Base; path = Base.lproj/LaunchScreen.storyboard; sourceTree = "<group>"; };
		CEC83DE81CF4C18600503838 /* Info.plist */ = {isa = PBXFileReference; lastKnownFileType = text.plist.xml; path = Info.plist; sourceTree = "<group>"; };
		CEC83DED1CF4C18600503838 /* rpgObjectTests.xctest */ = {isa = PBXFileReference; explicitFileType = wrapper.cfbundle; includeInIndex = 0; path = rpgObjectTests.xctest; sourceTree = BUILT_PRODUCTS_DIR; };
		CEC83DF11CF4C18600503838 /* rpgObjectTests.swift */ = {isa = PBXFileReference; lastKnownFileType = sourcecode.swift; path = rpgObjectTests.swift; sourceTree = "<group>"; };
		CEC83DF31CF4C18600503838 /* Info.plist */ = {isa = PBXFileReference; lastKnownFileType = text.plist.xml; path = Info.plist; sourceTree = "<group>"; };
		CEC83DF81CF4C18600503838 /* rpgObjectUITests.xctest */ = {isa = PBXFileReference; explicitFileType = wrapper.cfbundle; includeInIndex = 0; path = rpgObjectUITests.xctest; sourceTree = BUILT_PRODUCTS_DIR; };
		CEC83DFC1CF4C18600503838 /* rpgObjectUITests.swift */ = {isa = PBXFileReference; lastKnownFileType = sourcecode.swift; path = rpgObjectUITests.swift; sourceTree = "<group>"; };
		CEC83DFE1CF4C18600503838 /* Info.plist */ = {isa = PBXFileReference; lastKnownFileType = text.plist.xml; path = Info.plist; sourceTree = "<group>"; };
/* End PBXFileReference section */

/* Begin PBXFrameworksBuildPhase section */
		CEC83DD31CF4C18500503838 /* Frameworks */ = {
			isa = PBXFrameworksBuildPhase;
			buildActionMask = 2147483647;
			files = (
			);
			runOnlyForDeploymentPostprocessing = 0;
		};
		CEC83DEA1CF4C18600503838 /* Frameworks */ = {
			isa = PBXFrameworksBuildPhase;
			buildActionMask = 2147483647;
			files = (
			);
			runOnlyForDeploymentPostprocessing = 0;
		};
		CEC83DF51CF4C18600503838 /* Frameworks */ = {
			isa = PBXFrameworksBuildPhase;
			buildActionMask = 2147483647;
			files = (
			);
			runOnlyForDeploymentPostprocessing = 0;
		};
/* End PBXFrameworksBuildPhase section */

/* Begin PBXGroup section */
		CEC83DCD1CF4C18500503838 = {
			isa = PBXGroup;
			children = (
				CEC83DD81CF4C18500503838 /* rpgObject */,
				CEC83DF01CF4C18600503838 /* rpgObjectTests */,
				CEC83DFB1CF4C18600503838 /* rpgObjectUITests */,
				CEC83DD71CF4C18500503838 /* Products */,
			);
			sourceTree = "<group>";
		};
		CEC83DD71CF4C18500503838 /* Products */ = {
			isa = PBXGroup;
			children = (
				CEC83DD61CF4C18500503838 /* rpgObject.app */,
				CEC83DED1CF4C18600503838 /* rpgObjectTests.xctest */,
				CEC83DF81CF4C18600503838 /* rpgObjectUITests.xctest */,
			);
			name = Products;
			sourceTree = "<group>";
		};
		CEC83DD81CF4C18500503838 /* rpgObject */ = {
			isa = PBXGroup;
			children = (
				CEC83DD91CF4C18500503838 /* AppDelegate.swift */,
				CEC83DDB1CF4C18500503838 /* ViewController.swift */,
				CEC83DDD1CF4C18500503838 /* Main.storyboard */,
				CEC83DE31CF4C18500503838 /* Assets.xcassets */,
				CEC83DE51CF4C18600503838 /* LaunchScreen.storyboard */,
				CEC83DE81CF4C18600503838 /* Info.plist */,
				CEC83DE01CF4C18500503838 /* rpgObject.xcdatamodeld */,
				CE7CCE4E1CF5F9B900875BE0 /* Player.swift */,
				CE7CCE4C1CF5F63100875BE0 /* Character.swift */,
				CE7CCE501CF5FC2A00875BE0 /* Enemy.swift */,
				CE7CCE521CF5FDCA00875BE0 /* Kimara.swift */,
				CE7CCE541CF5FF4500875BE0 /* DevilWizard.swift */,
			);
			path = rpgObject;
			sourceTree = "<group>";
		};
		CEC83DF01CF4C18600503838 /* rpgObjectTests */ = {
			isa = PBXGroup;
			children = (
				CEC83DF11CF4C18600503838 /* rpgObjectTests.swift */,
				CEC83DF31CF4C18600503838 /* Info.plist */,
			);
			path = rpgObjectTests;
			sourceTree = "<group>";
		};
		CEC83DFB1CF4C18600503838 /* rpgObjectUITests */ = {
			isa = PBXGroup;
			children = (
				CEC83DFC1CF4C18600503838 /* rpgObjectUITests.swift */,
				CEC83DFE1CF4C18600503838 /* Info.plist */,
			);
			path = rpgObjectUITests;
			sourceTree = "<group>";
		};
/* End PBXGroup section */

/* Begin PBXNativeTarget section */
		CEC83DD51CF4C18500503838 /* rpgObject */ = {
			isa = PBXNativeTarget;
			buildConfigurationList = CEC83E011CF4C18600503838 /* Build configuration list for PBXNativeTarget "rpgObject" */;
			buildPhases = (
				CEC83DD21CF4C18500503838 /* Sources */,
				CEC83DD31CF4C18500503838 /* Frameworks */,
				CEC83DD41CF4C18500503838 /* Resources */,
			);
			buildRules = (
			);
			dependencies = (
			);
			name = rpgObject;
			productName = rpgObject;
			productReference = CEC83DD61CF4C18500503838 /* rpgObject.app */;
			productType = "com.apple.product-type.application";
		};
		CEC83DEC1CF4C18600503838 /* rpgObjectTests */ = {
			isa = PBXNativeTarget;
			buildConfigurationList = CEC83E041CF4C18600503838 /* Build configuration list for PBXNativeTarget "rpgObjectTests" */;
			buildPhases = (
				CEC83DE91CF4C18600503838 /* Sources */,
				CEC83DEA1CF4C18600503838 /* Frameworks */,
				CEC83DEB1CF4C18600503838 /* Resources */,
			);
			buildRules = (
			);
			dependencies = (
				CEC83DEF1CF4C18600503838 /* PBXTargetDependency */,
			);
			name = rpgObjectTests;
			productName = rpgObjectTests;
			productReference = CEC83DED1CF4C18600503838 /* rpgObjectTests.xctest */;
			productType = "com.apple.product-type.bundle.unit-test";
		};
		CEC83DF71CF4C18600503838 /* rpgObjectUITests */ = {
			isa = PBXNativeTarget;
			buildConfigurationList = CEC83E071CF4C18600503838 /* Build configuration list for PBXNativeTarget "rpgObjectUITests" */;
			buildPhases = (
				CEC83DF41CF4C18600503838 /* Sources */,
				CEC83DF51CF4C18600503838 /* Frameworks */,
				CEC83DF61CF4C18600503838 /* Resources */,
			);
			buildRules = (
			);
			dependencies = (
				CEC83DFA1CF4C18600503838 /* PBXTargetDependency */,
			);
			name = rpgObjectUITests;
			productName = rpgObjectUITests;
			productReference = CEC83DF81CF4C18600503838 /* rpgObjectUITests.xctest */;
			productType = "com.apple.product-type.bundle.ui-testing";
		};
/* End PBXNativeTarget section */

/* Begin PBXProject section */
		CEC83DCE1CF4C18500503838 /* Project object */ = {
			isa = PBXProject;
			attributes = {
				LastSwiftUpdateCheck = 0720;
				LastUpgradeCheck = 0720;
				ORGANIZATIONNAME = "Joe Mayfield";
				TargetAttributes = {
					CEC83DD51CF4C18500503838 = {
						CreatedOnToolsVersion = 7.2.1;
					};
					CEC83DEC1CF4C18600503838 = {
						CreatedOnToolsVersion = 7.2.1;
						TestTargetID = CEC83DD51CF4C18500503838;
					};
					CEC83DF71CF4C18600503838 = {
						CreatedOnToolsVersion = 7.2.1;
						TestTargetID = CEC83DD51CF4C18500503838;
					};
				};
			};
			buildConfigurationList = CEC83DD11CF4C18500503838 /* Build configuration list for PBXProject "rpgObject" */;
			compatibilityVersion = "Xcode 3.2";
			developmentRegion = English;
			hasScannedForEncodings = 0;
			knownRegions = (
				en,
				Base,
			);
			mainGroup = CEC83DCD1CF4C18500503838;
			productRefGroup = CEC83DD71CF4C18500503838 /* Products */;
			projectDirPath = "";
			projectRoot = "";
			targets = (
				CEC83DD51CF4C18500503838 /* rpgObject */,
				CEC83DEC1CF4C18600503838 /* rpgObjectTests */,
				CEC83DF71CF4C18600503838 /* rpgObjectUITests */,
			);
		};
/* End PBXProject section */

/* Begin PBXResourcesBuildPhase section */
		CEC83DD41CF4C18500503838 /* Resources */ = {
			isa = PBXResourcesBuildPhase;
			buildActionMask = 2147483647;
			files = (
				CEC83DE71CF4C18600503838 /* LaunchScreen.storyboard in Resources */,
				CEC83DE41CF4C18500503838 /* Assets.xcassets in Resources */,
				CEC83DDF1CF4C18500503838 /* Main.storyboard in Resources */,
			);
			runOnlyForDeploymentPostprocessing = 0;
		};
		CEC83DEB1CF4C18600503838 /* Resources */ = {
			isa = PBXResourcesBuildPhase;
			buildActionMask = 2147483647;
			files = (
			);
			runOnlyForDeploymentPostprocessing = 0;
		};
		CEC83DF61CF4C18600503838 /* Resources */ = {
			isa = PBXResourcesBuildPhase;
			buildActionMask = 2147483647;
			files = (
			);
			runOnlyForDeploymentPostprocessing = 0;
		};
/* End PBXResourcesBuildPhase section */

/* Begin PBXSourcesBuildPhase section */
		CEC83DD21CF4C18500503838 /* Sources */ = {
			isa = PBXSourcesBuildPhase;
			buildActionMask = 2147483647;
			files = (
				CEC83DDC1CF4C18500503838 /* ViewController.swift in Sources */,
				CEC83DDA1CF4C18500503838 /* AppDelegate.swift in Sources */,
				CE7CCE551CF5FF4500875BE0 /* DevilWizard.swift in Sources */,
				CE7CCE511CF5FC2A00875BE0 /* Enemy.swift in Sources */,
				CEC83DE21CF4C18500503838 /* rpgObject.xcdatamodeld in Sources */,
				CE7CCE4F1CF5F9B900875BE0 /* Player.swift in Sources */,
				CE7CCE531CF5FDCA00875BE0 /* Kimara.swift in Sources */,
				CE7CCE4D1CF5F63100875BE0 /* Character.swift in Sources */,
			);
			runOnlyForDeploymentPostprocessing = 0;
		};
		CEC83DE91CF4C18600503838 /* Sources */ = {
			isa = PBXSourcesBuildPhase;
			buildActionMask = 2147483647;
			files = (
				CEC83DF21CF4C18600503838 /* rpgObjectTests.swift in Sources */,
			);
			runOnlyForDeploymentPostprocessing = 0;
		};
		CEC83DF41CF4C18600503838 /* Sources */ = {
			isa = PBXSourcesBuildPhase;
			buildActionMask = 2147483647;
			files = (
				CEC83DFD1CF4C18600503838 /* rpgObjectUITests.swift in Sources */,
			);
			runOnlyForDeploymentPostprocessing = 0;
		};
/* End PBXSourcesBuildPhase section */

/* Begin PBXTargetDependency section */
		CEC83DEF1CF4C18600503838 /* PBXTargetDependency */ = {
			isa = PBXTargetDependency;
			target = CEC83DD51CF4C18500503838 /* rpgObject */;
			targetProxy = CEC83DEE1CF4C18600503838 /* PBXContainerItemProxy */;
		};
		CEC83DFA1CF4C18600503838 /* PBXTargetDependency */ = {
			isa = PBXTargetDependency;
			target = CEC83DD51CF4C18500503838 /* rpgObject */;
			targetProxy = CEC83DF91CF4C18600503838 /* PBXContainerItemProxy */;
		};
/* End PBXTargetDependency section */

/* Begin PBXVariantGroup section */
		CEC83DDD1CF4C18500503838 /* Main.storyboard */ = {
			isa = PBXVariantGroup;
			children = (
				CEC83DDE1CF4C18500503838 /* Base */,
			);
			name = Main.storyboard;
			sourceTree = "<group>";
		};
		CEC83DE51CF4C18600503838 /* LaunchScreen.storyboard */ = {
			isa = PBXVariantGroup;
			children = (
				CEC83DE61CF4C18600503838 /* Base */,
			);
			name = LaunchScreen.storyboard;
			sourceTree = "<group>";
		};
/* End PBXVariantGroup section */

/* Begin XCBuildConfiguration section */
		CEC83DFF1CF4C18600503838 /* Debug */ = {
			isa = XCBuildConfiguration;
			buildSettings = {
				ALWAYS_SEARCH_USER_PATHS = NO;
				CLANG_CXX_LANGUAGE_STANDARD = "gnu++0x";
				CLANG_CXX_LIBRARY = "libc++";
				CLANG_ENABLE_MODULES = YES;
				CLANG_ENABLE_OBJC_ARC = YES;
				CLANG_WARN_BOOL_CONVERSION = YES;
				CLANG_WARN_CONSTANT_CONVERSION = YES;
				CLANG_WARN_DIRECT_OBJC_ISA_USAGE = YES_ERROR;
				CLANG_WARN_EMPTY_BODY = YES;
				CLANG_WARN_ENUM_CONVERSION = YES;
				CLANG_WARN_INT_CONVERSION = YES;
				CLANG_WARN_OBJC_ROOT_CLASS = YES_ERROR;
				CLANG_WARN_UNREACHABLE_CODE = YES;
				CLANG_WARN__DUPLICATE_METHOD_MATCH = YES;
				"CODE_SIGN_IDENTITY[sdk=iphoneos*]" = "iPhone Developer";
				COPY_PHASE_STRIP = NO;
				DEBUG_INFORMATION_FORMAT = dwarf;
				ENABLE_STRICT_OBJC_MSGSEND = YES;
				ENABLE_TESTABILITY = YES;
				GCC_C_LANGUAGE_STANDARD = gnu99;
				GCC_DYNAMIC_NO_PIC = NO;
				GCC_NO_COMMON_BLOCKS = YES;
				GCC_OPTIMIZATION_LEVEL = 0;
				GCC_PREPROCESSOR_DEFINITIONS = (
					"DEBUG=1",
					"$(inherited)",
				);
				GCC_WARN_64_TO_32_BIT_CONVERSION = YES;
				GCC_WARN_ABOUT_RETURN_TYPE = YES_ERROR;
				GCC_WARN_UNDECLARED_SELECTOR = YES;
				GCC_WARN_UNINITIALIZED_AUTOS = YES_AGGRESSIVE;
				GCC_WARN_UNUSED_FUNCTION = YES;
				GCC_WARN_UNUSED_VARIABLE = YES;
				IPHONEOS_DEPLOYMENT_TARGET = 9.2;
				MTL_ENABLE_DEBUG_INFO = YES;
				ONLY_ACTIVE_ARCH = YES;
				SDKROOT = iphoneos;
				SWIFT_OPTIMIZATION_LEVEL = "-Onone";
			};
			name = Debug;
		};
		CEC83E001CF4C18600503838 /* Release */ = {
			isa = XCBuildConfiguration;
			buildSettings = {
				ALWAYS_SEARCH_USER_PATHS = NO;
				CLANG_CXX_LANGUAGE_STANDARD = "gnu++0x";
				CLANG_CXX_LIBRARY = "libc++";
				CLANG_ENABLE_MODULES = YES;
				CLANG_ENABLE_OBJC_ARC = YES;
				CLANG_WARN_BOOL_CONVERSION = YES;
				CLANG_WARN_CONSTANT_CONVERSION = YES;
				CLANG_WARN_DIRECT_OBJC_ISA_USAGE = YES_ERROR;
				CLANG_WARN_EMPTY_BODY = YES;
				CLANG_WARN_ENUM_CONVERSION = YES;
				CLANG_WARN_INT_CONVERSION = YES;
				CLANG_WARN_OBJC_ROOT_CLASS = YES_ERROR;
				CLANG_WARN_UNREACHABLE_CODE = YES;
				CLANG_WARN__DUPLICATE_METHOD_MATCH = YES;
				"CODE_SIGN_IDENTITY[sdk=iphoneos*]" = "iPhone Developer";
				COPY_PHASE_STRIP = NO;
				DEBUG_INFORMATION_FORMAT = "dwarf-with-dsym";
				ENABLE_NS_ASSERTIONS = NO;
				ENABLE_STRICT_OBJC_MSGSEND = YES;
				GCC_C_LANGUAGE_STANDARD = gnu99;
				GCC_NO_COMMON_BLOCKS = YES;
				GCC_WARN_64_TO_32_BIT_CONVERSION = YES;
				GCC_WARN_ABOUT_RETURN_TYPE = YES_ERROR;
				GCC_WARN_UNDECLARED_SELECTOR = YES;
				GCC_WARN_UNINITIALIZED_AUTOS = YES_AGGRESSIVE;
				GCC_WARN_UNUSED_FUNCTION = YES;
				GCC_WARN_UNUSED_VARIABLE = YES;
				IPHONEOS_DEPLOYMENT_TARGET = 9.2;
				MTL_ENABLE_DEBUG_INFO = NO;
				SDKROOT = iphoneos;
				VALIDATE_PRODUCT = YES;
			};
			name = Release;
		};
		CEC83E021CF4C18600503838 /* Debug */ = {
			isa = XCBuildConfiguration;
			buildSettings = {
				ASSETCATALOG_COMPILER_APPICON_NAME = AppIcon;
				INFOPLIST_FILE = rpgObject/Info.plist;
				LD_RUNPATH_SEARCH_PATHS = "$(inherited) @executable_path/Frameworks";
				PRODUCT_BUNDLE_IDENTIFIER = com.dragontech.rpgObject;
				PRODUCT_NAME = "$(TARGET_NAME)";
			};
			name = Debug;
		};
		CEC83E031CF4C18600503838 /* Release */ = {
			isa = XCBuildConfiguration;
			buildSettings = {
				ASSETCATALOG_COMPILER_APPICON_NAME = AppIcon;
				INFOPLIST_FILE = rpgObject/Info.plist;
				LD_RUNPATH_SEARCH_PATHS = "$(inherited) @executable_path/Frameworks";
				PRODUCT_BUNDLE_IDENTIFIER = com.dragontech.rpgObject;
				PRODUCT_NAME = "$(TARGET_NAME)";
			};
			name = Release;
		};
		CEC83E051CF4C18600503838 /* Debug */ = {
			isa = XCBuildConfiguration;
			buildSettings = {
				BUNDLE_LOADER = "$(TEST_HOST)";
				INFOPLIST_FILE = rpgObjectTests/Info.plist;
				LD_RUNPATH_SEARCH_PATHS = "$(inherited) @executable_path/Frameworks @loader_path/Frameworks";
				PRODUCT_BUNDLE_IDENTIFIER = com.dragontech.rpgObjectTests;
				PRODUCT_NAME = "$(TARGET_NAME)";
				TEST_HOST = "$(BUILT_PRODUCTS_DIR)/rpgObject.app/rpgObject";
			};
			name = Debug;
		};
		CEC83E061CF4C18600503838 /* Release */ = {
			isa = XCBuildConfiguration;
			buildSettings = {
				BUNDLE_LOADER = "$(TEST_HOST)";
				INFOPLIST_FILE = rpgObjectTests/Info.plist;
				LD_RUNPATH_SEARCH_PATHS = "$(inherited) @executable_path/Frameworks @loader_path/Frameworks";
				PRODUCT_BUNDLE_IDENTIFIER = com.dragontech.rpgObjectTests;
				PRODUCT_NAME = "$(TARGET_NAME)";
				TEST_HOST = "$(BUILT_PRODUCTS_DIR)/rpgObject.app/rpgObject";
			};
			name = Release;
		};
		CEC83E081CF4C18600503838 /* Debug */ = {
			isa = XCBuildConfiguration;
			buildSettings = {
				INFOPLIST_FILE = rpgObjectUITests/Info.plist;
				LD_RUNPATH_SEARCH_PATHS = "$(inherited) @executable_path/Frameworks @loader_path/Frameworks";
				PRODUCT_BUNDLE_IDENTIFIER = com.dragontech.rpgObjectUITests;
				PRODUCT_NAME = "$(TARGET_NAME)";
				TEST_TARGET_NAME = rpgObject;
				USES_XCTRUNNER = YES;
			};
			name = Debug;
		};
		CEC83E091CF4C18600503838 /* Release */ = {
			isa = XCBuildConfiguration;
			buildSettings = {
				INFOPLIST_FILE = rpgObjectUITests/Info.plist;
				LD_RUNPATH_SEARCH_PATHS = "$(inherited) @executable_path/Frameworks @loader_path/Frameworks";
				PRODUCT_BUNDLE_IDENTIFIER = com.dragontech.rpgObjectUITests;
				PRODUCT_NAME = "$(TARGET_NAME)";
				TEST_TARGET_NAME = rpgObject;
				USES_XCTRUNNER = YES;
			};
			name = Release;
		};
/* End XCBuildConfiguration section */

/* Begin XCConfigurationList section */
		CEC83DD11CF4C18500503838 /* Build configuration list for PBXProject "rpgObject" */ = {
			isa = XCConfigurationList;
			buildConfigurations = (
				CEC83DFF1CF4C18600503838 /* Debug */,
				CEC83E001CF4C18600503838 /* Release */,
			);
			defaultConfigurationIsVisible = 0;
			defaultConfigurationName = Release;
		};
		CEC83E011CF4C18600503838 /* Build configuration list for PBXNativeTarget "rpgObject" */ = {
			isa = XCConfigurationList;
			buildConfigurations = (
				CEC83E021CF4C18600503838 /* Debug */,
				CEC83E031CF4C18600503838 /* Release */,
			);
			defaultConfigurationIsVisible = 0;
			defaultConfigurationName = Release;
		};
		CEC83E041CF4C18600503838 /* Build configuration list for PBXNativeTarget "rpgObjectTests" */ = {
			isa = XCConfigurationList;
			buildConfigurations = (
				CEC83E051CF4C18600503838 /* Debug */,
				CEC83E061CF4C18600503838 /* Release */,
			);
			defaultConfigurationIsVisible = 0;
			defaultConfigurationName = Release;
		};
		CEC83E071CF4C18600503838 /* Build configuration list for PBXNativeTarget "rpgObjectUITests" */ = {
			isa = XCConfigurationList;
			buildConfigurations = (
				CEC83E081CF4C18600503838 /* Debug */,
				CEC83E091CF4C18600503838 /* Release */,
			);
			defaultConfigurationIsVisible = 0;
			defaultConfigurationName = Release;
		};
/* End XCConfigurationList section */

/* Begin XCVersionGroup section */
		CEC83DE01CF4C18500503838 /* rpgObject.xcdatamodeld */ = {
			isa = XCVersionGroup;
			children = (
				CEC83DE11CF4C18500503838 /* rpgObject.xcdatamodel */,
			);
			currentVersion = CEC83DE11CF4C18500503838 /* rpgObject.xcdatamodel */;
			path = rpgObject.xcdatamodeld;
			sourceTree = "<group>";
			versionGroupType = wrapper.xcdatamodel;
		};
/* End XCVersionGroup section */
	};
	rootObject = CEC83DCE1CF4C18500503838 /* Project object */;
}
